// !$*UTF8*$!
{
	archiveVersion = 1;
	classes = {
	};
	objectVersion = 56;
	objects = {

/* Begin PBXBuildFile section */
		D24D1D542B22839D00A1FE3D /* Detail.swift in Sources */ = {isa = PBXBuildFile; fileRef = D24D1D532B22839D00A1FE3D /* Detail.swift */; };
		D24D1D562B2283F000A1FE3D /* DetailViewController.swift in Sources */ = {isa = PBXBuildFile; fileRef = D24D1D552B2283F000A1FE3D /* DetailViewController.swift */; };
		D24D1D582B22843C00A1FE3D /* DetailInteractor.swift in Sources */ = {isa = PBXBuildFile; fileRef = D24D1D572B22843C00A1FE3D /* DetailInteractor.swift */; };
		D24D1D5A2B22844B00A1FE3D /* DetailPresenter.swift in Sources */ = {isa = PBXBuildFile; fileRef = D24D1D592B22844B00A1FE3D /* DetailPresenter.swift */; };
		D24D1D5C2B22845A00A1FE3D /* Detail+Initializer.swift in Sources */ = {isa = PBXBuildFile; fileRef = D24D1D5B2B22845A00A1FE3D /* Detail+Initializer.swift */; };
		D24D1D5E2B22846500A1FE3D /* Detail+ViewModel.swift in Sources */ = {isa = PBXBuildFile; fileRef = D24D1D5D2B22846500A1FE3D /* Detail+ViewModel.swift */; };
		D24D1D602B228AA600A1FE3D /* DetailView.swift in Sources */ = {isa = PBXBuildFile; fileRef = D24D1D5F2B228AA600A1FE3D /* DetailView.swift */; };
		D24D1D642B22A2B600A1FE3D /* Date+Extension.swift in Sources */ = {isa = PBXBuildFile; fileRef = D24D1D632B22A2B600A1FE3D /* Date+Extension.swift */; };
		D24FF7E32B1805A400795D83 /* AppDelegate.swift in Sources */ = {isa = PBXBuildFile; fileRef = D24FF7E22B1805A400795D83 /* AppDelegate.swift */; };
		D24FF7E52B1805A400795D83 /* SceneDelegate.swift in Sources */ = {isa = PBXBuildFile; fileRef = D24FF7E42B1805A400795D83 /* SceneDelegate.swift */; };
		D24FF7EC2B1805A600795D83 /* Assets.xcassets in Resources */ = {isa = PBXBuildFile; fileRef = D24FF7EB2B1805A600795D83 /* Assets.xcassets */; };
		D24FF7EF2B1805A600795D83 /* LaunchScreen.storyboard in Resources */ = {isa = PBXBuildFile; fileRef = D24FF7ED2B1805A600795D83 /* LaunchScreen.storyboard */; };
		D24FF7FA2B1805A600795D83 /* Ravn_Challenge_V3_Adriel_PinzasTests.swift in Sources */ = {isa = PBXBuildFile; fileRef = D24FF7F92B1805A600795D83 /* Ravn_Challenge_V3_Adriel_PinzasTests.swift */; };
		D24FF8042B1805A600795D83 /* Ravn_Challenge_V3_Adriel_PinzasUITests.swift in Sources */ = {isa = PBXBuildFile; fileRef = D24FF8032B1805A600795D83 /* Ravn_Challenge_V3_Adriel_PinzasUITests.swift */; };
		D24FF8062B1805A600795D83 /* Ravn_Challenge_V3_Adriel_PinzasUITestsLaunchTests.swift in Sources */ = {isa = PBXBuildFile; fileRef = D24FF8052B1805A600795D83 /* Ravn_Challenge_V3_Adriel_PinzasUITestsLaunchTests.swift */; };
		D24FF8162B1810A600795D83 /* HomeViewController.swift in Sources */ = {isa = PBXBuildFile; fileRef = D24FF8152B1810A600795D83 /* HomeViewController.swift */; };
		D24FF8182B1810C400795D83 /* HomeInteractor.swift in Sources */ = {isa = PBXBuildFile; fileRef = D24FF8172B1810C400795D83 /* HomeInteractor.swift */; };
		D24FF81A2B1828B700795D83 /* HomePresenter.swift in Sources */ = {isa = PBXBuildFile; fileRef = D24FF8192B1828B700795D83 /* HomePresenter.swift */; };
		D24FF81D2B1828CC00795D83 /* HomeRouter.swift in Sources */ = {isa = PBXBuildFile; fileRef = D24FF81C2B1828CC00795D83 /* HomeRouter.swift */; };
		D24FF81F2B1837A000795D83 /* HomeView.swift in Sources */ = {isa = PBXBuildFile; fileRef = D24FF81E2B1837A000795D83 /* HomeView.swift */; };
		D24FF8212B1838E700795D83 /* Home.swift in Sources */ = {isa = PBXBuildFile; fileRef = D24FF8202B1838E700795D83 /* Home.swift */; };
		D24FF8232B18390700795D83 /* Home+ViewModel.swift in Sources */ = {isa = PBXBuildFile; fileRef = D24FF8222B18390700795D83 /* Home+ViewModel.swift */; };
		D24FF8262B183EE400795D83 /* HomeLaunchTableViewCell.swift in Sources */ = {isa = PBXBuildFile; fileRef = D24FF8252B183EE400795D83 /* HomeLaunchTableViewCell.swift */; };
		D24FF8372B185C9200795D83 /* HomeService.swift in Sources */ = {isa = PBXBuildFile; fileRef = D24FF8362B185C9200795D83 /* HomeService.swift */; };
		D24FF83B2B18613A00795D83 /* Home+Initializer.swift in Sources */ = {isa = PBXBuildFile; fileRef = D24FF83A2B18613A00795D83 /* Home+Initializer.swift */; };
		D24FF8482B194DB200795D83 /* Localizable.strings in Resources */ = {isa = PBXBuildFile; fileRef = D24FF84A2B194DB200795D83 /* Localizable.strings */; };
		D24FF84E2B194F5500795D83 /* String+Extension.swift in Sources */ = {isa = PBXBuildFile; fileRef = D24FF84D2B194F5500795D83 /* String+Extension.swift */; };
		D24FF85E2B1ACA9200795D83 /* HomeNavigationTitleView.swift in Sources */ = {isa = PBXBuildFile; fileRef = D24FF85D2B1ACA9200795D83 /* HomeNavigationTitleView.swift */; };
		D24FF8602B1AE82800795D83 /* TableView+Extension.swift in Sources */ = {isa = PBXBuildFile; fileRef = D24FF85F2B1AE82800795D83 /* TableView+Extension.swift */; };
		D24FF8622B1AF58E00795D83 /* SearchService.swift in Sources */ = {isa = PBXBuildFile; fileRef = D24FF8612B1AF58E00795D83 /* SearchService.swift */; };
		D24FF8652B1BFE9A00795D83 /* Color.xcassets in Resources */ = {isa = PBXBuildFile; fileRef = D24FF8642B1BFE9A00795D83 /* Color.xcassets */; };
		D24FF8672B1C00B900795D83 /* LoadingView.swift in Sources */ = {isa = PBXBuildFile; fileRef = D24FF8662B1C00B900795D83 /* LoadingView.swift */; };
		D24FF86A2B1C16C600795D83 /* Apollo in Frameworks */ = {isa = PBXBuildFile; productRef = D24FF8692B1C16C600795D83 /* Apollo */; };
		D24FF86D2B1C175F00795D83 /* GetLaunches.graphql in Resources */ = {isa = PBXBuildFile; fileRef = D24FF86C2B1C175F00795D83 /* GetLaunches.graphql */; };
		D24FF8702B1C1EB100795D83 /* schema.graphqls in Resources */ = {isa = PBXBuildFile; fileRef = D24FF86F2B1C1EB100795D83 /* schema.graphqls */; };
		D24FF8752B1C1FCC00795D83 /* SpaceXAPI in Frameworks */ = {isa = PBXBuildFile; productRef = D24FF8742B1C1FCC00795D83 /* SpaceXAPI */; };
		D24FF8772B1C203700795D83 /* ApolloNetwork.swift in Sources */ = {isa = PBXBuildFile; fileRef = D24FF8762B1C203700795D83 /* ApolloNetwork.swift */; };
		D24FF87F2B1D244400795D83 /* Launch.swift in Sources */ = {isa = PBXBuildFile; fileRef = D24FF87E2B1D244400795D83 /* Launch.swift */; };
		D24FF8822B1D2D8200795D83 /* UserDefaultManager.swift in Sources */ = {isa = PBXBuildFile; fileRef = D24FF8812B1D2D8200795D83 /* UserDefaultManager.swift */; };
		D24FF8842B1D35D900795D83 /* EmptyView.swift in Sources */ = {isa = PBXBuildFile; fileRef = D24FF8832B1D35D900795D83 /* EmptyView.swift */; };
		D24FF8862B1D769600795D83 /* NetworkRechabilityManager.swift in Sources */ = {isa = PBXBuildFile; fileRef = D24FF8852B1D769600795D83 /* NetworkRechabilityManager.swift */; };
		D24FF88A2B1ECB1700795D83 /* ErrorView.swift in Sources */ = {isa = PBXBuildFile; fileRef = D24FF8892B1ECB1700795D83 /* ErrorView.swift */; };
/* End PBXBuildFile section */

/* Begin PBXContainerItemProxy section */
		D24FF7F62B1805A600795D83 /* PBXContainerItemProxy */ = {
			isa = PBXContainerItemProxy;
			containerPortal = D24FF7D72B1805A400795D83 /* Project object */;
			proxyType = 1;
			remoteGlobalIDString = D24FF7DE2B1805A400795D83;
			remoteInfo = "Ravn-Challenge-V3-Adriel-Pinzas";
		};
		D24FF8002B1805A600795D83 /* PBXContainerItemProxy */ = {
			isa = PBXContainerItemProxy;
			containerPortal = D24FF7D72B1805A400795D83 /* Project object */;
			proxyType = 1;
			remoteGlobalIDString = D24FF7DE2B1805A400795D83;
			remoteInfo = "Ravn-Challenge-V3-Adriel-Pinzas";
		};
/* End PBXContainerItemProxy section */

/* Begin PBXFileReference section */
		D24D1D532B22839D00A1FE3D /* Detail.swift */ = {isa = PBXFileReference; lastKnownFileType = sourcecode.swift; path = Detail.swift; sourceTree = "<group>"; };
		D24D1D552B2283F000A1FE3D /* DetailViewController.swift */ = {isa = PBXFileReference; lastKnownFileType = sourcecode.swift; path = DetailViewController.swift; sourceTree = "<group>"; };
		D24D1D572B22843C00A1FE3D /* DetailInteractor.swift */ = {isa = PBXFileReference; lastKnownFileType = sourcecode.swift; path = DetailInteractor.swift; sourceTree = "<group>"; };
		D24D1D592B22844B00A1FE3D /* DetailPresenter.swift */ = {isa = PBXFileReference; lastKnownFileType = sourcecode.swift; path = DetailPresenter.swift; sourceTree = "<group>"; };
		D24D1D5B2B22845A00A1FE3D /* Detail+Initializer.swift */ = {isa = PBXFileReference; lastKnownFileType = sourcecode.swift; path = "Detail+Initializer.swift"; sourceTree = "<group>"; };
		D24D1D5D2B22846500A1FE3D /* Detail+ViewModel.swift */ = {isa = PBXFileReference; lastKnownFileType = sourcecode.swift; path = "Detail+ViewModel.swift"; sourceTree = "<group>"; };
		D24D1D5F2B228AA600A1FE3D /* DetailView.swift */ = {isa = PBXFileReference; lastKnownFileType = sourcecode.swift; path = DetailView.swift; sourceTree = "<group>"; };
		D24D1D632B22A2B600A1FE3D /* Date+Extension.swift */ = {isa = PBXFileReference; lastKnownFileType = sourcecode.swift; path = "Date+Extension.swift"; sourceTree = "<group>"; };
		D24FF7DF2B1805A400795D83 /* Ravn-Challenge-V3-Adriel-Pinzas.app */ = {isa = PBXFileReference; explicitFileType = wrapper.application; includeInIndex = 0; path = "Ravn-Challenge-V3-Adriel-Pinzas.app"; sourceTree = BUILT_PRODUCTS_DIR; };
		D24FF7E22B1805A400795D83 /* AppDelegate.swift */ = {isa = PBXFileReference; lastKnownFileType = sourcecode.swift; path = AppDelegate.swift; sourceTree = "<group>"; };
		D24FF7E42B1805A400795D83 /* SceneDelegate.swift */ = {isa = PBXFileReference; lastKnownFileType = sourcecode.swift; path = SceneDelegate.swift; sourceTree = "<group>"; };
		D24FF7EB2B1805A600795D83 /* Assets.xcassets */ = {isa = PBXFileReference; lastKnownFileType = folder.assetcatalog; path = Assets.xcassets; sourceTree = "<group>"; };
		D24FF7EE2B1805A600795D83 /* Base */ = {isa = PBXFileReference; lastKnownFileType = file.storyboard; name = Base; path = Base.lproj/LaunchScreen.storyboard; sourceTree = "<group>"; };
		D24FF7F02B1805A600795D83 /* Info.plist */ = {isa = PBXFileReference; lastKnownFileType = text.plist.xml; path = Info.plist; sourceTree = "<group>"; };
		D24FF7F52B1805A600795D83 /* Ravn-Challenge-V3-Adriel-PinzasTests.xctest */ = {isa = PBXFileReference; explicitFileType = wrapper.cfbundle; includeInIndex = 0; path = "Ravn-Challenge-V3-Adriel-PinzasTests.xctest"; sourceTree = BUILT_PRODUCTS_DIR; };
		D24FF7F92B1805A600795D83 /* Ravn_Challenge_V3_Adriel_PinzasTests.swift */ = {isa = PBXFileReference; lastKnownFileType = sourcecode.swift; path = Ravn_Challenge_V3_Adriel_PinzasTests.swift; sourceTree = "<group>"; };
		D24FF7FF2B1805A600795D83 /* Ravn-Challenge-V3-Adriel-PinzasUITests.xctest */ = {isa = PBXFileReference; explicitFileType = wrapper.cfbundle; includeInIndex = 0; path = "Ravn-Challenge-V3-Adriel-PinzasUITests.xctest"; sourceTree = BUILT_PRODUCTS_DIR; };
		D24FF8032B1805A600795D83 /* Ravn_Challenge_V3_Adriel_PinzasUITests.swift */ = {isa = PBXFileReference; lastKnownFileType = sourcecode.swift; path = Ravn_Challenge_V3_Adriel_PinzasUITests.swift; sourceTree = "<group>"; };
		D24FF8052B1805A600795D83 /* Ravn_Challenge_V3_Adriel_PinzasUITestsLaunchTests.swift */ = {isa = PBXFileReference; lastKnownFileType = sourcecode.swift; path = Ravn_Challenge_V3_Adriel_PinzasUITestsLaunchTests.swift; sourceTree = "<group>"; };
		D24FF8152B1810A600795D83 /* HomeViewController.swift */ = {isa = PBXFileReference; lastKnownFileType = sourcecode.swift; path = HomeViewController.swift; sourceTree = "<group>"; };
		D24FF8172B1810C400795D83 /* HomeInteractor.swift */ = {isa = PBXFileReference; lastKnownFileType = sourcecode.swift; path = HomeInteractor.swift; sourceTree = "<group>"; };
		D24FF8192B1828B700795D83 /* HomePresenter.swift */ = {isa = PBXFileReference; lastKnownFileType = sourcecode.swift; path = HomePresenter.swift; sourceTree = "<group>"; };
		D24FF81C2B1828CC00795D83 /* HomeRouter.swift */ = {isa = PBXFileReference; lastKnownFileType = sourcecode.swift; path = HomeRouter.swift; sourceTree = "<group>"; };
		D24FF81E2B1837A000795D83 /* HomeView.swift */ = {isa = PBXFileReference; lastKnownFileType = sourcecode.swift; path = HomeView.swift; sourceTree = "<group>"; };
		D24FF8202B1838E700795D83 /* Home.swift */ = {isa = PBXFileReference; lastKnownFileType = sourcecode.swift; path = Home.swift; sourceTree = "<group>"; };
		D24FF8222B18390700795D83 /* Home+ViewModel.swift */ = {isa = PBXFileReference; lastKnownFileType = sourcecode.swift; path = "Home+ViewModel.swift"; sourceTree = "<group>"; };
		D24FF8252B183EE400795D83 /* HomeLaunchTableViewCell.swift */ = {isa = PBXFileReference; lastKnownFileType = sourcecode.swift; path = HomeLaunchTableViewCell.swift; sourceTree = "<group>"; };
		D24FF8362B185C9200795D83 /* HomeService.swift */ = {isa = PBXFileReference; lastKnownFileType = sourcecode.swift; path = HomeService.swift; sourceTree = "<group>"; };
		D24FF83A2B18613A00795D83 /* Home+Initializer.swift */ = {isa = PBXFileReference; lastKnownFileType = sourcecode.swift; path = "Home+Initializer.swift"; sourceTree = "<group>"; };
		D24FF8452B194D7400795D83 /* es */ = {isa = PBXFileReference; lastKnownFileType = text.plist.strings; name = es; path = es.lproj/LaunchScreen.strings; sourceTree = "<group>"; };
		D24FF8492B194DB200795D83 /* en */ = {isa = PBXFileReference; lastKnownFileType = text.plist.strings; name = en; path = en.lproj/Localizable.strings; sourceTree = "<group>"; };
		D24FF84B2B194DB600795D83 /* es */ = {isa = PBXFileReference; lastKnownFileType = text.plist.strings; name = es; path = es.lproj/Localizable.strings; sourceTree = "<group>"; };
		D24FF84D2B194F5500795D83 /* String+Extension.swift */ = {isa = PBXFileReference; lastKnownFileType = sourcecode.swift; path = "String+Extension.swift"; sourceTree = "<group>"; };
		D24FF85D2B1ACA9200795D83 /* HomeNavigationTitleView.swift */ = {isa = PBXFileReference; lastKnownFileType = sourcecode.swift; path = HomeNavigationTitleView.swift; sourceTree = "<group>"; };
		D24FF85F2B1AE82800795D83 /* TableView+Extension.swift */ = {isa = PBXFileReference; lastKnownFileType = sourcecode.swift; path = "TableView+Extension.swift"; sourceTree = "<group>"; };
		D24FF8612B1AF58E00795D83 /* SearchService.swift */ = {isa = PBXFileReference; lastKnownFileType = sourcecode.swift; path = SearchService.swift; sourceTree = "<group>"; };
		D24FF8642B1BFE9A00795D83 /* Color.xcassets */ = {isa = PBXFileReference; lastKnownFileType = folder.assetcatalog; path = Color.xcassets; sourceTree = "<group>"; };
		D24FF8662B1C00B900795D83 /* LoadingView.swift */ = {isa = PBXFileReference; lastKnownFileType = sourcecode.swift; path = LoadingView.swift; sourceTree = "<group>"; };
		D24FF86C2B1C175F00795D83 /* GetLaunches.graphql */ = {isa = PBXFileReference; lastKnownFileType = text; path = GetLaunches.graphql; sourceTree = "<group>"; };
		D24FF86F2B1C1EB100795D83 /* schema.graphqls */ = {isa = PBXFileReference; fileEncoding = 4; lastKnownFileType = text; path = schema.graphqls; sourceTree = "<group>"; };
		D24FF8722B1C1F8D00795D83 /* SpaceXAPI */ = {isa = PBXFileReference; lastKnownFileType = wrapper; path = SpaceXAPI; sourceTree = "<group>"; };
		D24FF8762B1C203700795D83 /* ApolloNetwork.swift */ = {isa = PBXFileReference; lastKnownFileType = sourcecode.swift; path = ApolloNetwork.swift; sourceTree = "<group>"; };
		D24FF87E2B1D244400795D83 /* Launch.swift */ = {isa = PBXFileReference; lastKnownFileType = sourcecode.swift; path = Launch.swift; sourceTree = "<group>"; };
		D24FF8812B1D2D8200795D83 /* UserDefaultManager.swift */ = {isa = PBXFileReference; lastKnownFileType = sourcecode.swift; path = UserDefaultManager.swift; sourceTree = "<group>"; };
		D24FF8832B1D35D900795D83 /* EmptyView.swift */ = {isa = PBXFileReference; lastKnownFileType = sourcecode.swift; path = EmptyView.swift; sourceTree = "<group>"; };
		D24FF8852B1D769600795D83 /* NetworkRechabilityManager.swift */ = {isa = PBXFileReference; lastKnownFileType = sourcecode.swift; path = NetworkRechabilityManager.swift; sourceTree = "<group>"; };
		D24FF8892B1ECB1700795D83 /* ErrorView.swift */ = {isa = PBXFileReference; lastKnownFileType = sourcecode.swift; path = ErrorView.swift; sourceTree = "<group>"; };
/* End PBXFileReference section */

/* Begin PBXFrameworksBuildPhase section */
		D24FF7DC2B1805A400795D83 /* Frameworks */ = {
			isa = PBXFrameworksBuildPhase;
			buildActionMask = 2147483647;
			files = (
				D24FF86A2B1C16C600795D83 /* Apollo in Frameworks */,
				D24FF8752B1C1FCC00795D83 /* SpaceXAPI in Frameworks */,
			);
			runOnlyForDeploymentPostprocessing = 0;
		};
		D24FF7F22B1805A600795D83 /* Frameworks */ = {
			isa = PBXFrameworksBuildPhase;
			buildActionMask = 2147483647;
			files = (
			);
			runOnlyForDeploymentPostprocessing = 0;
		};
		D24FF7FC2B1805A600795D83 /* Frameworks */ = {
			isa = PBXFrameworksBuildPhase;
			buildActionMask = 2147483647;
			files = (
			);
			runOnlyForDeploymentPostprocessing = 0;
		};
/* End PBXFrameworksBuildPhase section */

/* Begin PBXGroup section */
		D24D1D522B22834E00A1FE3D /* Detail */ = {
			isa = PBXGroup;
			children = (
				D24D1D532B22839D00A1FE3D /* Detail.swift */,
				D24D1D552B2283F000A1FE3D /* DetailViewController.swift */,
				D24D1D572B22843C00A1FE3D /* DetailInteractor.swift */,
				D24D1D592B22844B00A1FE3D /* DetailPresenter.swift */,
				D24D1D5B2B22845A00A1FE3D /* Detail+Initializer.swift */,
				D24D1D5D2B22846500A1FE3D /* Detail+ViewModel.swift */,
				D24D1D5F2B228AA600A1FE3D /* DetailView.swift */,
			);
			path = Detail;
			sourceTree = "<group>";
		};
		D24FF7D62B1805A400795D83 = {
			isa = PBXGroup;
			children = (
				D24FF8712B1C1F8D00795D83 /* Packages */,
				D24FF7E12B1805A400795D83 /* Ravn-Challenge-V3-Adriel-Pinzas */,
				D24FF7F82B1805A600795D83 /* Ravn-Challenge-V3-Adriel-PinzasTests */,
				D24FF8022B1805A600795D83 /* Ravn-Challenge-V3-Adriel-PinzasUITests */,
				D24FF7E02B1805A400795D83 /* Products */,
				D24FF8732B1C1FCC00795D83 /* Frameworks */,
			);
			sourceTree = "<group>";
		};
		D24FF7E02B1805A400795D83 /* Products */ = {
			isa = PBXGroup;
			children = (
				D24FF7DF2B1805A400795D83 /* Ravn-Challenge-V3-Adriel-Pinzas.app */,
				D24FF7F52B1805A600795D83 /* Ravn-Challenge-V3-Adriel-PinzasTests.xctest */,
				D24FF7FF2B1805A600795D83 /* Ravn-Challenge-V3-Adriel-PinzasUITests.xctest */,
			);
			name = Products;
			sourceTree = "<group>";
		};
		D24FF7E12B1805A400795D83 /* Ravn-Challenge-V3-Adriel-Pinzas */ = {
			isa = PBXGroup;
			children = (
				D24FF83C2B18732B00795D83 /* Utilities */,
				D24FF86E2B1C1EB100795D83 /* graphql */,
				D24FF82A2B184E0600795D83 /* Resources */,
				D24FF8272B184AC600795D83 /* Aplication */,
				D24FF8122B18085000795D83 /* Core */,
				D24FF8132B180CC100795D83 /* Scenes */,
			);
			path = "Ravn-Challenge-V3-Adriel-Pinzas";
			sourceTree = "<group>";
		};
		D24FF7F82B1805A600795D83 /* Ravn-Challenge-V3-Adriel-PinzasTests */ = {
			isa = PBXGroup;
			children = (
				D24FF7F92B1805A600795D83 /* Ravn_Challenge_V3_Adriel_PinzasTests.swift */,
			);
			path = "Ravn-Challenge-V3-Adriel-PinzasTests";
			sourceTree = "<group>";
		};
		D24FF8022B1805A600795D83 /* Ravn-Challenge-V3-Adriel-PinzasUITests */ = {
			isa = PBXGroup;
			children = (
				D24FF8032B1805A600795D83 /* Ravn_Challenge_V3_Adriel_PinzasUITests.swift */,
				D24FF8052B1805A600795D83 /* Ravn_Challenge_V3_Adriel_PinzasUITestsLaunchTests.swift */,
			);
			path = "Ravn-Challenge-V3-Adriel-PinzasUITests";
			sourceTree = "<group>";
		};
		D24FF8122B18085000795D83 /* Core */ = {
			isa = PBXGroup;
			children = (
				D24FF8802B1D29EC00795D83 /* Manager */,
				D24FF87D2B1D235B00795D83 /* Models */,
				D24FF8322B18584B00795D83 /* Services */,
			);
			path = Core;
			sourceTree = "<group>";
		};
		D24FF8132B180CC100795D83 /* Scenes */ = {
			isa = PBXGroup;
			children = (
				D24D1D522B22834E00A1FE3D /* Detail */,
				D24FF8142B180EC300795D83 /* Home */,
			);
			path = Scenes;
			sourceTree = "<group>";
		};
		D24FF8142B180EC300795D83 /* Home */ = {
			isa = PBXGroup;
			children = (
				D24FF8242B18391000795D83 /* View */,
				D24FF8152B1810A600795D83 /* HomeViewController.swift */,
				D24FF8172B1810C400795D83 /* HomeInteractor.swift */,
				D24FF8192B1828B700795D83 /* HomePresenter.swift */,
				D24FF81C2B1828CC00795D83 /* HomeRouter.swift */,
				D24FF8202B1838E700795D83 /* Home.swift */,
				D24FF8222B18390700795D83 /* Home+ViewModel.swift */,
				D24FF83A2B18613A00795D83 /* Home+Initializer.swift */,
			);
			path = Home;
			sourceTree = "<group>";
		};
		D24FF8242B18391000795D83 /* View */ = {
			isa = PBXGroup;
			children = (
				D24FF81E2B1837A000795D83 /* HomeView.swift */,
				D24FF8252B183EE400795D83 /* HomeLaunchTableViewCell.swift */,
				D24FF85D2B1ACA9200795D83 /* HomeNavigationTitleView.swift */,
			);
			path = View;
			sourceTree = "<group>";
		};
		D24FF8272B184AC600795D83 /* Aplication */ = {
			isa = PBXGroup;
			children = (
				D24FF7E22B1805A400795D83 /* AppDelegate.swift */,
				D24FF7E42B1805A400795D83 /* SceneDelegate.swift */,
				D24FF7ED2B1805A600795D83 /* LaunchScreen.storyboard */,
				D24FF7F02B1805A600795D83 /* Info.plist */,
			);
			path = Aplication;
			sourceTree = "<group>";
		};
		D24FF82A2B184E0600795D83 /* Resources */ = {
			isa = PBXGroup;
			children = (
				D24FF84C2B194F4500795D83 /* Extension */,
				D24FF82C2B184F1900795D83 /* Localizbles */,
				D24FF82B2B184F0E00795D83 /* Assets */,
			);
			path = Resources;
			sourceTree = "<group>";
		};
		D24FF82B2B184F0E00795D83 /* Assets */ = {
			isa = PBXGroup;
			children = (
				D24FF7EB2B1805A600795D83 /* Assets.xcassets */,
				D24FF8642B1BFE9A00795D83 /* Color.xcassets */,
			);
			path = Assets;
			sourceTree = "<group>";
		};
		D24FF82C2B184F1900795D83 /* Localizbles */ = {
			isa = PBXGroup;
			children = (
				D24FF84A2B194DB200795D83 /* Localizable.strings */,
			);
			path = Localizbles;
			sourceTree = "<group>";
		};
		D24FF8322B18584B00795D83 /* Services */ = {
			isa = PBXGroup;
			children = (
				D24FF8362B185C9200795D83 /* HomeService.swift */,
				D24FF8612B1AF58E00795D83 /* SearchService.swift */,
				D24FF8762B1C203700795D83 /* ApolloNetwork.swift */,
			);
			path = Services;
			sourceTree = "<group>";
		};
		D24FF83C2B18732B00795D83 /* Utilities */ = {
			isa = PBXGroup;
			children = (
				D24FF83D2B18734B00795D83 /* Views */,
			);
			path = Utilities;
			sourceTree = "<group>";
		};
		D24FF83D2B18734B00795D83 /* Views */ = {
			isa = PBXGroup;
			children = (
				D24FF8662B1C00B900795D83 /* LoadingView.swift */,
				D24FF8832B1D35D900795D83 /* EmptyView.swift */,
				D24FF8892B1ECB1700795D83 /* ErrorView.swift */,
			);
			path = Views;
			sourceTree = "<group>";
		};
		D24FF84C2B194F4500795D83 /* Extension */ = {
			isa = PBXGroup;
			children = (
				D24FF84D2B194F5500795D83 /* String+Extension.swift */,
				D24FF85F2B1AE82800795D83 /* TableView+Extension.swift */,
				D24D1D632B22A2B600A1FE3D /* Date+Extension.swift */,
			);
			path = Extension;
			sourceTree = "<group>";
		};
		D24FF86E2B1C1EB100795D83 /* graphql */ = {
			isa = PBXGroup;
			children = (
				D24FF86C2B1C175F00795D83 /* GetLaunches.graphql */,
				D24FF86F2B1C1EB100795D83 /* schema.graphqls */,
			);
			path = graphql;
			sourceTree = SOURCE_ROOT;
		};
		D24FF8712B1C1F8D00795D83 /* Packages */ = {
			isa = PBXGroup;
			children = (
				D24FF8722B1C1F8D00795D83 /* SpaceXAPI */,
			);
			name = Packages;
			sourceTree = "<group>";
		};
		D24FF8732B1C1FCC00795D83 /* Frameworks */ = {
			isa = PBXGroup;
			children = (
			);
			name = Frameworks;
			sourceTree = "<group>";
		};
		D24FF87D2B1D235B00795D83 /* Models */ = {
			isa = PBXGroup;
			children = (
				D24FF87E2B1D244400795D83 /* Launch.swift */,
			);
			path = Models;
			sourceTree = "<group>";
		};
		D24FF8802B1D29EC00795D83 /* Manager */ = {
			isa = PBXGroup;
			children = (
				D24FF8812B1D2D8200795D83 /* UserDefaultManager.swift */,
				D24FF8852B1D769600795D83 /* NetworkRechabilityManager.swift */,
			);
			path = Manager;
			sourceTree = "<group>";
		};
/* End PBXGroup section */

/* Begin PBXNativeTarget section */
		D24FF7DE2B1805A400795D83 /* Ravn-Challenge-V3-Adriel-Pinzas */ = {
			isa = PBXNativeTarget;
			buildConfigurationList = D24FF8092B1805A600795D83 /* Build configuration list for PBXNativeTarget "Ravn-Challenge-V3-Adriel-Pinzas" */;
			buildPhases = (
				D24FF7DB2B1805A400795D83 /* Sources */,
				D24FF7DC2B1805A400795D83 /* Frameworks */,
				D24FF7DD2B1805A400795D83 /* Resources */,
			);
			buildRules = (
			);
			dependencies = (
			);
			name = "Ravn-Challenge-V3-Adriel-Pinzas";
			packageProductDependencies = (
				D24FF8692B1C16C600795D83 /* Apollo */,
				D24FF8742B1C1FCC00795D83 /* SpaceXAPI */,
			);
			productName = "Ravn-Challenge-V3-Adriel-Pinzas";
			productReference = D24FF7DF2B1805A400795D83 /* Ravn-Challenge-V3-Adriel-Pinzas.app */;
			productType = "com.apple.product-type.application";
		};
		D24FF7F42B1805A600795D83 /* Ravn-Challenge-V3-Adriel-PinzasTests */ = {
			isa = PBXNativeTarget;
			buildConfigurationList = D24FF80C2B1805A600795D83 /* Build configuration list for PBXNativeTarget "Ravn-Challenge-V3-Adriel-PinzasTests" */;
			buildPhases = (
				D24FF7F12B1805A600795D83 /* Sources */,
				D24FF7F22B1805A600795D83 /* Frameworks */,
				D24FF7F32B1805A600795D83 /* Resources */,
			);
			buildRules = (
			);
			dependencies = (
				D24FF7F72B1805A600795D83 /* PBXTargetDependency */,
			);
			name = "Ravn-Challenge-V3-Adriel-PinzasTests";
			productName = "Ravn-Challenge-V3-Adriel-PinzasTests";
			productReference = D24FF7F52B1805A600795D83 /* Ravn-Challenge-V3-Adriel-PinzasTests.xctest */;
			productType = "com.apple.product-type.bundle.unit-test";
		};
		D24FF7FE2B1805A600795D83 /* Ravn-Challenge-V3-Adriel-PinzasUITests */ = {
			isa = PBXNativeTarget;
			buildConfigurationList = D24FF80F2B1805A600795D83 /* Build configuration list for PBXNativeTarget "Ravn-Challenge-V3-Adriel-PinzasUITests" */;
			buildPhases = (
				D24FF7FB2B1805A600795D83 /* Sources */,
				D24FF7FC2B1805A600795D83 /* Frameworks */,
				D24FF7FD2B1805A600795D83 /* Resources */,
			);
			buildRules = (
			);
			dependencies = (
				D24FF8012B1805A600795D83 /* PBXTargetDependency */,
			);
			name = "Ravn-Challenge-V3-Adriel-PinzasUITests";
			productName = "Ravn-Challenge-V3-Adriel-PinzasUITests";
			productReference = D24FF7FF2B1805A600795D83 /* Ravn-Challenge-V3-Adriel-PinzasUITests.xctest */;
			productType = "com.apple.product-type.bundle.ui-testing";
		};
/* End PBXNativeTarget section */

/* Begin PBXProject section */
		D24FF7D72B1805A400795D83 /* Project object */ = {
			isa = PBXProject;
			attributes = {
				BuildIndependentTargetsInParallel = 1;
				LastSwiftUpdateCheck = 1430;
				LastUpgradeCheck = 1430;
				TargetAttributes = {
					D24FF7DE2B1805A400795D83 = {
						CreatedOnToolsVersion = 14.3.1;
					};
					D24FF7F42B1805A600795D83 = {
						CreatedOnToolsVersion = 14.3.1;
						TestTargetID = D24FF7DE2B1805A400795D83;
					};
					D24FF7FE2B1805A600795D83 = {
						CreatedOnToolsVersion = 14.3.1;
						TestTargetID = D24FF7DE2B1805A400795D83;
					};
				};
			};
			buildConfigurationList = D24FF7DA2B1805A400795D83 /* Build configuration list for PBXProject "Ravn-Challenge-V3-Adriel-Pinzas" */;
			compatibilityVersion = "Xcode 14.0";
			developmentRegion = en;
			hasScannedForEncodings = 0;
			knownRegions = (
				en,
				Base,
				es,
			);
			mainGroup = D24FF7D62B1805A400795D83;
			packageReferences = (
				D24FF8682B1C16C600795D83 /* XCRemoteSwiftPackageReference "apollo-ios" */,
			);
			productRefGroup = D24FF7E02B1805A400795D83 /* Products */;
			projectDirPath = "";
			projectRoot = "";
			targets = (
				D24FF7DE2B1805A400795D83 /* Ravn-Challenge-V3-Adriel-Pinzas */,
				D24FF7F42B1805A600795D83 /* Ravn-Challenge-V3-Adriel-PinzasTests */,
				D24FF7FE2B1805A600795D83 /* Ravn-Challenge-V3-Adriel-PinzasUITests */,
			);
		};
/* End PBXProject section */

/* Begin PBXResourcesBuildPhase section */
		D24FF7DD2B1805A400795D83 /* Resources */ = {
			isa = PBXResourcesBuildPhase;
			buildActionMask = 2147483647;
			files = (
				D24FF7EF2B1805A600795D83 /* LaunchScreen.storyboard in Resources */,
				D24FF8652B1BFE9A00795D83 /* Color.xcassets in Resources */,
				D24FF8482B194DB200795D83 /* Localizable.strings in Resources */,
				D24FF7EC2B1805A600795D83 /* Assets.xcassets in Resources */,
				D24FF86D2B1C175F00795D83 /* GetLaunches.graphql in Resources */,
				D24FF8702B1C1EB100795D83 /* schema.graphqls in Resources */,
			);
			runOnlyForDeploymentPostprocessing = 0;
		};
		D24FF7F32B1805A600795D83 /* Resources */ = {
			isa = PBXResourcesBuildPhase;
			buildActionMask = 2147483647;
			files = (
			);
			runOnlyForDeploymentPostprocessing = 0;
		};
		D24FF7FD2B1805A600795D83 /* Resources */ = {
			isa = PBXResourcesBuildPhase;
			buildActionMask = 2147483647;
			files = (
			);
			runOnlyForDeploymentPostprocessing = 0;
		};
/* End PBXResourcesBuildPhase section */

/* Begin PBXSourcesBuildPhase section */
		D24FF7DB2B1805A400795D83 /* Sources */ = {
			isa = PBXSourcesBuildPhase;
			buildActionMask = 2147483647;
			files = (
				D24FF7E32B1805A400795D83 /* AppDelegate.swift in Sources */,
				D24FF8262B183EE400795D83 /* HomeLaunchTableViewCell.swift in Sources */,
				D24D1D5A2B22844B00A1FE3D /* DetailPresenter.swift in Sources */,
				D24D1D562B2283F000A1FE3D /* DetailViewController.swift in Sources */,
				D24D1D542B22839D00A1FE3D /* Detail.swift in Sources */,
				D24D1D5C2B22845A00A1FE3D /* Detail+Initializer.swift in Sources */,
				D24FF8672B1C00B900795D83 /* LoadingView.swift in Sources */,
				D24FF8862B1D769600795D83 /* NetworkRechabilityManager.swift in Sources */,
				D24FF81F2B1837A000795D83 /* HomeView.swift in Sources */,
				D24FF81D2B1828CC00795D83 /* HomeRouter.swift in Sources */,
				D24FF7E52B1805A400795D83 /* SceneDelegate.swift in Sources */,
				D24FF8162B1810A600795D83 /* HomeViewController.swift in Sources */,
				D24FF88A2B1ECB1700795D83 /* ErrorView.swift in Sources */,
				D24D1D642B22A2B600A1FE3D /* Date+Extension.swift in Sources */,
				D24D1D602B228AA600A1FE3D /* DetailView.swift in Sources */,
				D24FF84E2B194F5500795D83 /* String+Extension.swift in Sources */,
				D24FF83B2B18613A00795D83 /* Home+Initializer.swift in Sources */,
				D24D1D5E2B22846500A1FE3D /* Detail+ViewModel.swift in Sources */,
				D24FF8602B1AE82800795D83 /* TableView+Extension.swift in Sources */,
				D24FF8232B18390700795D83 /* Home+ViewModel.swift in Sources */,
				D24FF81A2B1828B700795D83 /* HomePresenter.swift in Sources */,
				D24FF85E2B1ACA9200795D83 /* HomeNavigationTitleView.swift in Sources */,
				D24FF8772B1C203700795D83 /* ApolloNetwork.swift in Sources */,
				D24FF8822B1D2D8200795D83 /* UserDefaultManager.swift in Sources */,
				D24FF8372B185C9200795D83 /* HomeService.swift in Sources */,
				D24FF8622B1AF58E00795D83 /* SearchService.swift in Sources */,
				D24D1D582B22843C00A1FE3D /* DetailInteractor.swift in Sources */,
				D24FF8212B1838E700795D83 /* Home.swift in Sources */,
				D24FF87F2B1D244400795D83 /* Launch.swift in Sources */,
				D24FF8842B1D35D900795D83 /* EmptyView.swift in Sources */,
				D24FF8182B1810C400795D83 /* HomeInteractor.swift in Sources */,
			);
			runOnlyForDeploymentPostprocessing = 0;
		};
		D24FF7F12B1805A600795D83 /* Sources */ = {
			isa = PBXSourcesBuildPhase;
			buildActionMask = 2147483647;
			files = (
				D24FF7FA2B1805A600795D83 /* Ravn_Challenge_V3_Adriel_PinzasTests.swift in Sources */,
			);
			runOnlyForDeploymentPostprocessing = 0;
		};
		D24FF7FB2B1805A600795D83 /* Sources */ = {
			isa = PBXSourcesBuildPhase;
			buildActionMask = 2147483647;
			files = (
				D24FF8062B1805A600795D83 /* Ravn_Challenge_V3_Adriel_PinzasUITestsLaunchTests.swift in Sources */,
				D24FF8042B1805A600795D83 /* Ravn_Challenge_V3_Adriel_PinzasUITests.swift in Sources */,
			);
			runOnlyForDeploymentPostprocessing = 0;
		};
/* End PBXSourcesBuildPhase section */

/* Begin PBXTargetDependency section */
		D24FF7F72B1805A600795D83 /* PBXTargetDependency */ = {
			isa = PBXTargetDependency;
			target = D24FF7DE2B1805A400795D83 /* Ravn-Challenge-V3-Adriel-Pinzas */;
			targetProxy = D24FF7F62B1805A600795D83 /* PBXContainerItemProxy */;
		};
		D24FF8012B1805A600795D83 /* PBXTargetDependency */ = {
			isa = PBXTargetDependency;
			target = D24FF7DE2B1805A400795D83 /* Ravn-Challenge-V3-Adriel-Pinzas */;
			targetProxy = D24FF8002B1805A600795D83 /* PBXContainerItemProxy */;
		};
/* End PBXTargetDependency section */

/* Begin PBXVariantGroup section */
		D24FF7ED2B1805A600795D83 /* LaunchScreen.storyboard */ = {
			isa = PBXVariantGroup;
			children = (
				D24FF7EE2B1805A600795D83 /* Base */,
				D24FF8452B194D7400795D83 /* es */,
			);
			name = LaunchScreen.storyboard;
			sourceTree = "<group>";
		};
		D24FF84A2B194DB200795D83 /* Localizable.strings */ = {
			isa = PBXVariantGroup;
			children = (
				D24FF8492B194DB200795D83 /* en */,
				D24FF84B2B194DB600795D83 /* es */,
			);
			name = Localizable.strings;
			sourceTree = "<group>";
		};
/* End PBXVariantGroup section */

/* Begin XCBuildConfiguration section */
		D24FF8072B1805A600795D83 /* Debug */ = {
			isa = XCBuildConfiguration;
			buildSettings = {
				ALWAYS_SEARCH_USER_PATHS = NO;
				CLANG_ANALYZER_LOCALIZABILITY_NONLOCALIZED = YES;
				CLANG_ANALYZER_NONNULL = YES;
				CLANG_ANALYZER_NUMBER_OBJECT_CONVERSION = YES_AGGRESSIVE;
				CLANG_CXX_LANGUAGE_STANDARD = "gnu++20";
				CLANG_ENABLE_MODULES = YES;
				CLANG_ENABLE_OBJC_ARC = YES;
				CLANG_ENABLE_OBJC_WEAK = YES;
				CLANG_WARN_BLOCK_CAPTURE_AUTORELEASING = YES;
				CLANG_WARN_BOOL_CONVERSION = YES;
				CLANG_WARN_COMMA = YES;
				CLANG_WARN_CONSTANT_CONVERSION = YES;
				CLANG_WARN_DEPRECATED_OBJC_IMPLEMENTATIONS = YES;
				CLANG_WARN_DIRECT_OBJC_ISA_USAGE = YES_ERROR;
				CLANG_WARN_DOCUMENTATION_COMMENTS = YES;
				CLANG_WARN_EMPTY_BODY = YES;
				CLANG_WARN_ENUM_CONVERSION = YES;
				CLANG_WARN_INFINITE_RECURSION = YES;
				CLANG_WARN_INT_CONVERSION = YES;
				CLANG_WARN_NON_LITERAL_NULL_CONVERSION = YES;
				CLANG_WARN_OBJC_IMPLICIT_RETAIN_SELF = YES;
				CLANG_WARN_OBJC_LITERAL_CONVERSION = YES;
				CLANG_WARN_OBJC_ROOT_CLASS = YES_ERROR;
				CLANG_WARN_QUOTED_INCLUDE_IN_FRAMEWORK_HEADER = YES;
				CLANG_WARN_RANGE_LOOP_ANALYSIS = YES;
				CLANG_WARN_STRICT_PROTOTYPES = YES;
				CLANG_WARN_SUSPICIOUS_MOVE = YES;
				CLANG_WARN_UNGUARDED_AVAILABILITY = YES_AGGRESSIVE;
				CLANG_WARN_UNREACHABLE_CODE = YES;
				CLANG_WARN__DUPLICATE_METHOD_MATCH = YES;
				COPY_PHASE_STRIP = NO;
				DEBUG_INFORMATION_FORMAT = dwarf;
				ENABLE_STRICT_OBJC_MSGSEND = YES;
				ENABLE_TESTABILITY = YES;
				GCC_C_LANGUAGE_STANDARD = gnu11;
				GCC_DYNAMIC_NO_PIC = NO;
				GCC_NO_COMMON_BLOCKS = YES;
				GCC_OPTIMIZATION_LEVEL = 0;
				GCC_PREPROCESSOR_DEFINITIONS = (
					"DEBUG=1",
					"$(inherited)",
				);
				GCC_WARN_64_TO_32_BIT_CONVERSION = YES;
				GCC_WARN_ABOUT_RETURN_TYPE = YES_ERROR;
				GCC_WARN_UNDECLARED_SELECTOR = YES;
				GCC_WARN_UNINITIALIZED_AUTOS = YES_AGGRESSIVE;
				GCC_WARN_UNUSED_FUNCTION = YES;
				GCC_WARN_UNUSED_VARIABLE = YES;
				IPHONEOS_DEPLOYMENT_TARGET = 15.0;
				MTL_ENABLE_DEBUG_INFO = INCLUDE_SOURCE;
				MTL_FAST_MATH = YES;
				ONLY_ACTIVE_ARCH = YES;
				SDKROOT = iphoneos;
				SWIFT_ACTIVE_COMPILATION_CONDITIONS = DEBUG;
				SWIFT_OPTIMIZATION_LEVEL = "-Onone";
			};
			name = Debug;
		};
		D24FF8082B1805A600795D83 /* Release */ = {
			isa = XCBuildConfiguration;
			buildSettings = {
				ALWAYS_SEARCH_USER_PATHS = NO;
				CLANG_ANALYZER_LOCALIZABILITY_NONLOCALIZED = YES;
				CLANG_ANALYZER_NONNULL = YES;
				CLANG_ANALYZER_NUMBER_OBJECT_CONVERSION = YES_AGGRESSIVE;
				CLANG_CXX_LANGUAGE_STANDARD = "gnu++20";
				CLANG_ENABLE_MODULES = YES;
				CLANG_ENABLE_OBJC_ARC = YES;
				CLANG_ENABLE_OBJC_WEAK = YES;
				CLANG_WARN_BLOCK_CAPTURE_AUTORELEASING = YES;
				CLANG_WARN_BOOL_CONVERSION = YES;
				CLANG_WARN_COMMA = YES;
				CLANG_WARN_CONSTANT_CONVERSION = YES;
				CLANG_WARN_DEPRECATED_OBJC_IMPLEMENTATIONS = YES;
				CLANG_WARN_DIRECT_OBJC_ISA_USAGE = YES_ERROR;
				CLANG_WARN_DOCUMENTATION_COMMENTS = YES;
				CLANG_WARN_EMPTY_BODY = YES;
				CLANG_WARN_ENUM_CONVERSION = YES;
				CLANG_WARN_INFINITE_RECURSION = YES;
				CLANG_WARN_INT_CONVERSION = YES;
				CLANG_WARN_NON_LITERAL_NULL_CONVERSION = YES;
				CLANG_WARN_OBJC_IMPLICIT_RETAIN_SELF = YES;
				CLANG_WARN_OBJC_LITERAL_CONVERSION = YES;
				CLANG_WARN_OBJC_ROOT_CLASS = YES_ERROR;
				CLANG_WARN_QUOTED_INCLUDE_IN_FRAMEWORK_HEADER = YES;
				CLANG_WARN_RANGE_LOOP_ANALYSIS = YES;
				CLANG_WARN_STRICT_PROTOTYPES = YES;
				CLANG_WARN_SUSPICIOUS_MOVE = YES;
				CLANG_WARN_UNGUARDED_AVAILABILITY = YES_AGGRESSIVE;
				CLANG_WARN_UNREACHABLE_CODE = YES;
				CLANG_WARN__DUPLICATE_METHOD_MATCH = YES;
				COPY_PHASE_STRIP = NO;
				DEBUG_INFORMATION_FORMAT = "dwarf-with-dsym";
				ENABLE_NS_ASSERTIONS = NO;
				ENABLE_STRICT_OBJC_MSGSEND = YES;
				GCC_C_LANGUAGE_STANDARD = gnu11;
				GCC_NO_COMMON_BLOCKS = YES;
				GCC_WARN_64_TO_32_BIT_CONVERSION = YES;
				GCC_WARN_ABOUT_RETURN_TYPE = YES_ERROR;
				GCC_WARN_UNDECLARED_SELECTOR = YES;
				GCC_WARN_UNINITIALIZED_AUTOS = YES_AGGRESSIVE;
				GCC_WARN_UNUSED_FUNCTION = YES;
				GCC_WARN_UNUSED_VARIABLE = YES;
				IPHONEOS_DEPLOYMENT_TARGET = 15.0;
				MTL_ENABLE_DEBUG_INFO = NO;
				MTL_FAST_MATH = YES;
				SDKROOT = iphoneos;
				SWIFT_COMPILATION_MODE = wholemodule;
				SWIFT_OPTIMIZATION_LEVEL = "-O";
				VALIDATE_PRODUCT = YES;
			};
			name = Release;
		};
		D24FF80A2B1805A600795D83 /* Debug */ = {
			isa = XCBuildConfiguration;
			buildSettings = {
				ASSETCATALOG_COMPILER_APPICON_NAME = AppIcon;
				ASSETCATALOG_COMPILER_GLOBAL_ACCENT_COLOR_NAME = AccentColor;
				CODE_SIGN_STYLE = Automatic;
				CURRENT_PROJECT_VERSION = 1;
				GENERATE_INFOPLIST_FILE = YES;
				INFOPLIST_FILE = "Ravn-Challenge-V3-Adriel-Pinzas/Info.plist";
				INFOPLIST_KEY_LSApplicationCategoryType = "";
				INFOPLIST_KEY_UIApplicationSupportsIndirectInputEvents = YES;
				INFOPLIST_KEY_UILaunchStoryboardName = LaunchScreen.storyboard;
				INFOPLIST_KEY_UIMainStoryboardFile = LaunchScreen;
				INFOPLIST_KEY_UISupportedInterfaceOrientations_iPad = "UIInterfaceOrientationPortrait UIInterfaceOrientationPortraitUpsideDown UIInterfaceOrientationLandscapeLeft UIInterfaceOrientationLandscapeRight";
				INFOPLIST_KEY_UISupportedInterfaceOrientations_iPhone = "UIInterfaceOrientationPortrait UIInterfaceOrientationLandscapeLeft UIInterfaceOrientationLandscapeRight";
				LD_RUNPATH_SEARCH_PATHS = (
					"$(inherited)",
					"@executable_path/Frameworks",
				);
				MARKETING_VERSION = 1.0;
				PRODUCT_BUNDLE_IDENTIFIER = "com.test.Ravn-Challenge-V3-Adriel-Pinzas";
				PRODUCT_NAME = "$(TARGET_NAME)";
				SWIFT_EMIT_LOC_STRINGS = YES;
				SWIFT_VERSION = 5.0;
				TARGETED_DEVICE_FAMILY = "1,2";
			};
			name = Debug;
		};
		D24FF80B2B1805A600795D83 /* Release */ = {
			isa = XCBuildConfiguration;
			buildSettings = {
				ASSETCATALOG_COMPILER_APPICON_NAME = AppIcon;
				ASSETCATALOG_COMPILER_GLOBAL_ACCENT_COLOR_NAME = AccentColor;
				CODE_SIGN_STYLE = Automatic;
				CURRENT_PROJECT_VERSION = 1;
				GENERATE_INFOPLIST_FILE = YES;
				INFOPLIST_FILE = "Ravn-Challenge-V3-Adriel-Pinzas/Info.plist";
				INFOPLIST_KEY_LSApplicationCategoryType = "";
				INFOPLIST_KEY_UIApplicationSupportsIndirectInputEvents = YES;
				INFOPLIST_KEY_UILaunchStoryboardName = LaunchScreen.storyboard;
				INFOPLIST_KEY_UIMainStoryboardFile = LaunchScreen;
				INFOPLIST_KEY_UISupportedInterfaceOrientations_iPad = "UIInterfaceOrientationPortrait UIInterfaceOrientationPortraitUpsideDown UIInterfaceOrientationLandscapeLeft UIInterfaceOrientationLandscapeRight";
				INFOPLIST_KEY_UISupportedInterfaceOrientations_iPhone = "UIInterfaceOrientationPortrait UIInterfaceOrientationLandscapeLeft UIInterfaceOrientationLandscapeRight";
				LD_RUNPATH_SEARCH_PATHS = (
					"$(inherited)",
					"@executable_path/Frameworks",
				);
				MARKETING_VERSION = 1.0;
				PRODUCT_BUNDLE_IDENTIFIER = "com.test.Ravn-Challenge-V3-Adriel-Pinzas";
				PRODUCT_NAME = "$(TARGET_NAME)";
				SWIFT_EMIT_LOC_STRINGS = YES;
				SWIFT_VERSION = 5.0;
				TARGETED_DEVICE_FAMILY = "1,2";
			};
			name = Release;
		};
		D24FF80D2B1805A600795D83 /* Debug */ = {
			isa = XCBuildConfiguration;
			buildSettings = {
				ALWAYS_EMBED_SWIFT_STANDARD_LIBRARIES = YES;
				BUNDLE_LOADER = "$(TEST_HOST)";
				CODE_SIGN_STYLE = Automatic;
				CURRENT_PROJECT_VERSION = 1;
				GENERATE_INFOPLIST_FILE = YES;
				IPHONEOS_DEPLOYMENT_TARGET = 16.4;
				MARKETING_VERSION = 1.0;
				PRODUCT_BUNDLE_IDENTIFIER = "com.test.Ravn-Challenge-V3-Adriel-PinzasTests";
				PRODUCT_NAME = "$(TARGET_NAME)";
				SWIFT_EMIT_LOC_STRINGS = NO;
				SWIFT_VERSION = 5.0;
				TARGETED_DEVICE_FAMILY = "1,2";
				TEST_HOST = "$(BUILT_PRODUCTS_DIR)/Ravn-Challenge-V3-Adriel-Pinzas.app/$(BUNDLE_EXECUTABLE_FOLDER_PATH)/Ravn-Challenge-V3-Adriel-Pinzas";
			};
			name = Debug;
		};
		D24FF80E2B1805A600795D83 /* Release */ = {
			isa = XCBuildConfiguration;
			buildSettings = {
				ALWAYS_EMBED_SWIFT_STANDARD_LIBRARIES = YES;
				BUNDLE_LOADER = "$(TEST_HOST)";
				CODE_SIGN_STYLE = Automatic;
				CURRENT_PROJECT_VERSION = 1;
				GENERATE_INFOPLIST_FILE = YES;
				IPHONEOS_DEPLOYMENT_TARGET = 16.4;
				MARKETING_VERSION = 1.0;
				PRODUCT_BUNDLE_IDENTIFIER = "com.test.Ravn-Challenge-V3-Adriel-PinzasTests";
				PRODUCT_NAME = "$(TARGET_NAME)";
				SWIFT_EMIT_LOC_STRINGS = NO;
				SWIFT_VERSION = 5.0;
				TARGETED_DEVICE_FAMILY = "1,2";
				TEST_HOST = "$(BUILT_PRODUCTS_DIR)/Ravn-Challenge-V3-Adriel-Pinzas.app/$(BUNDLE_EXECUTABLE_FOLDER_PATH)/Ravn-Challenge-V3-Adriel-Pinzas";
			};
			name = Release;
		};
		D24FF8102B1805A600795D83 /* Debug */ = {
			isa = XCBuildConfiguration;
			buildSettings = {
				ALWAYS_EMBED_SWIFT_STANDARD_LIBRARIES = YES;
				CODE_SIGN_STYLE = Automatic;
				CURRENT_PROJECT_VERSION = 1;
				GENERATE_INFOPLIST_FILE = YES;
				MARKETING_VERSION = 1.0;
				PRODUCT_BUNDLE_IDENTIFIER = "com.test.Ravn-Challenge-V3-Adriel-PinzasUITests";
				PRODUCT_NAME = "$(TARGET_NAME)";
				SWIFT_EMIT_LOC_STRINGS = NO;
				SWIFT_VERSION = 5.0;
				TARGETED_DEVICE_FAMILY = "1,2";
				TEST_TARGET_NAME = "Ravn-Challenge-V3-Adriel-Pinzas";
			};
			name = Debug;
		};
		D24FF8112B1805A600795D83 /* Release */ = {
			isa = XCBuildConfiguration;
			buildSettings = {
				ALWAYS_EMBED_SWIFT_STANDARD_LIBRARIES = YES;
				CODE_SIGN_STYLE = Automatic;
				CURRENT_PROJECT_VERSION = 1;
				GENERATE_INFOPLIST_FILE = YES;
				MARKETING_VERSION = 1.0;
				PRODUCT_BUNDLE_IDENTIFIER = "com.test.Ravn-Challenge-V3-Adriel-PinzasUITests";
				PRODUCT_NAME = "$(TARGET_NAME)";
				SWIFT_EMIT_LOC_STRINGS = NO;
				SWIFT_VERSION = 5.0;
				TARGETED_DEVICE_FAMILY = "1,2";
				TEST_TARGET_NAME = "Ravn-Challenge-V3-Adriel-Pinzas";
			};
			name = Release;
		};
/* End XCBuildConfiguration section */

/* Begin XCConfigurationList section */
		D24FF7DA2B1805A400795D83 /* Build configuration list for PBXProject "Ravn-Challenge-V3-Adriel-Pinzas" */ = {
			isa = XCConfigurationList;
			buildConfigurations = (
				D24FF8072B1805A600795D83 /* Debug */,
				D24FF8082B1805A600795D83 /* Release */,
			);
			defaultConfigurationIsVisible = 0;
			defaultConfigurationName = Release;
		};
		D24FF8092B1805A600795D83 /* Build configuration list for PBXNativeTarget "Ravn-Challenge-V3-Adriel-Pinzas" */ = {
			isa = XCConfigurationList;
			buildConfigurations = (
				D24FF80A2B1805A600795D83 /* Debug */,
				D24FF80B2B1805A600795D83 /* Release */,
			);
			defaultConfigurationIsVisible = 0;
			defaultConfigurationName = Release;
		};
		D24FF80C2B1805A600795D83 /* Build configuration list for PBXNativeTarget "Ravn-Challenge-V3-Adriel-PinzasTests" */ = {
			isa = XCConfigurationList;
			buildConfigurations = (
				D24FF80D2B1805A600795D83 /* Debug */,
				D24FF80E2B1805A600795D83 /* Release */,
			);
			defaultConfigurationIsVisible = 0;
			defaultConfigurationName = Release;
		};
		D24FF80F2B1805A600795D83 /* Build configuration list for PBXNativeTarget "Ravn-Challenge-V3-Adriel-PinzasUITests" */ = {
			isa = XCConfigurationList;
			buildConfigurations = (
				D24FF8102B1805A600795D83 /* Debug */,
				D24FF8112B1805A600795D83 /* Release */,
			);
			defaultConfigurationIsVisible = 0;
			defaultConfigurationName = Release;
		};
/* End XCConfigurationList section */

/* Begin XCRemoteSwiftPackageReference section */
		D24FF8682B1C16C600795D83 /* XCRemoteSwiftPackageReference "apollo-ios" */ = {
			isa = XCRemoteSwiftPackageReference;
			repositoryURL = "https://github.com/apollographql/apollo-ios.git";
			requirement = {
				kind = upToNextMajorVersion;
				minimumVersion = 1.0.0;
			};
		};
/* End XCRemoteSwiftPackageReference section */

/* Begin XCSwiftPackageProductDependency section */
		D24FF8692B1C16C600795D83 /* Apollo */ = {
			isa = XCSwiftPackageProductDependency;
			package = D24FF8682B1C16C600795D83 /* XCRemoteSwiftPackageReference "apollo-ios" */;
			productName = Apollo;
		};
		D24FF8742B1C1FCC00795D83 /* SpaceXAPI */ = {
			isa = XCSwiftPackageProductDependency;
			productName = SpaceXAPI;
		};
/* End XCSwiftPackageProductDependency section */
	};
	rootObject = D24FF7D72B1805A400795D83 /* Project object */;
}
